// !$*UTF8*$!
{
	archiveVersion = 1;
	classes = {
	};
	objectVersion = 77;
	objects = {

/* Begin PBXContainerItemProxy section */
		D084F39D2F140AA0000178B2 /* PBXContainerItemProxy */ = {
			isa = PBXContainerItemProxy;
			containerPortal = D084F3852F140A9F000178B2 /* Project object */;
			proxyType = 1;
			remoteGlobalIDString = D084F38C2F140A9F000178B2;
			remoteInfo = kutuk;
		};
		D084F3A72F140AA0000178B2 /* PBXContainerItemProxy */ = {
			isa = PBXContainerItemProxy;
			containerPortal = D084F3852F140A9F000178B2 /* Project object */;
			proxyType = 1;
			remoteGlobalIDString = D084F38C2F140A9F000178B2;
			remoteInfo = kutuk;
		};
/* End PBXContainerItemProxy section */

/* Begin PBXFileReference section */
		D084F38D2F140A9F000178B2 /* Kutuk.app */ = {isa = PBXFileReference; explicitFileType = wrapper.application; includeInIndex = 0; path = Kutuk.app; sourceTree = BUILT_PRODUCTS_DIR; };
		D084F39C2F140AA0000178B2 /* kutukTests.xctest */ = {isa = PBXFileReference; explicitFileType = wrapper.cfbundle; includeInIndex = 0; path = kutukTests.xctest; sourceTree = BUILT_PRODUCTS_DIR; };
		D084F3A62F140AA0000178B2 /* kutukUITests.xctest */ = {isa = PBXFileReference; explicitFileType = wrapper.cfbundle; includeInIndex = 0; path = kutukUITests.xctest; sourceTree = BUILT_PRODUCTS_DIR; };
/* End PBXFileReference section */

/* Begin PBXFileSystemSynchronizedBuildFileExceptionSet section */
		D084F3AA2F140AA1000178B2 /* Exceptions for "kutuk" folder in "kutuk" target */ = {
			isa = PBXFileSystemSynchronizedBuildFileExceptionSet;
			membershipExceptions = (
				Info.plist,
			);
			target = D084F38C2F140A9F000178B2 /* kutuk */;
		};
		D084F3AB2F140AA1000178B2 /* Exceptions for "kutukTests" folder in "kutukTests" target */ = {
			isa = PBXFileSystemSynchronizedBuildFileExceptionSet;
			membershipExceptions = (
				Info.plist,
			);
			target = D084F39B2F140AA0000178B2 /* kutukTests */;
		};
		D084F3AC2F140AA1000178B2 /* Exceptions for "kutukUITests" folder in "kutukUITests" target */ = {
			isa = PBXFileSystemSynchronizedBuildFileExceptionSet;
			membershipExceptions = (
				Info.plist,
			);
			target = D084F3A52F140AA0000178B2 /* kutukUITests */;
		};
/* End PBXFileSystemSynchronizedBuildFileExceptionSet section */

/* Begin PBXFileSystemSynchronizedRootGroup section */
		D084F38F2F140A9F000178B2 /* kutuk */ = {
			isa = PBXFileSystemSynchronizedRootGroup;
			exceptions = (
				D084F3AA2F140AA1000178B2 /* Exceptions for "kutuk" folder in "kutuk" target */,
			);
			path = kutuk;
			sourceTree = "<group>";
		};
		D084F39F2F140AA0000178B2 /* kutukTests */ = {
			isa = PBXFileSystemSynchronizedRootGroup;
			exceptions = (
				D084F3AB2F140AA1000178B2 /* Exceptions for "kutukTests" folder in "kutukTests" target */,
			);
			path = kutukTests;
			sourceTree = "<group>";
		};
		D084F3A92F140AA0000178B2 /* kutukUITests */ = {
			isa = PBXFileSystemSynchronizedRootGroup;
			exceptions = (
				D084F3AC2F140AA1000178B2 /* Exceptions for "kutukUITests" folder in "kutukUITests" target */,
			);
			path = kutukUITests;
			sourceTree = "<group>";
		};
/* End PBXFileSystemSynchronizedRootGroup section */

/* Begin PBXFrameworksBuildPhase section */
		D084F38A2F140A9F000178B2 /* Frameworks */ = {
			isa = PBXFrameworksBuildPhase;
			buildActionMask = 2147483647;
			files = (
			);
			runOnlyForDeploymentPostprocessing = 0;
		};
		D084F3992F140AA0000178B2 /* Frameworks */ = {
			isa = PBXFrameworksBuildPhase;
			buildActionMask = 2147483647;
			files = (
			);
			runOnlyForDeploymentPostprocessing = 0;
		};
		D084F3A32F140AA0000178B2 /* Frameworks */ = {
			isa = PBXFrameworksBuildPhase;
			buildActionMask = 2147483647;
			files = (
			);
			runOnlyForDeploymentPostprocessing = 0;
		};
/* End PBXFrameworksBuildPhase section */

/* Begin PBXGroup section */
		D084F3842F140A9F000178B2 = {
			isa = PBXGroup;
			children = (
				D084F38F2F140A9F000178B2 /* kutuk */,
				D084F39F2F140AA0000178B2 /* kutukTests */,
				D084F3A92F140AA0000178B2 /* kutukUITests */,
				D084F38E2F140A9F000178B2 /* Products */,
			);
			sourceTree = "<group>";
		};
		D084F38E2F140A9F000178B2 /* Products */ = {
			isa = PBXGroup;
			children = (
				D084F38D2F140A9F000178B2 /* Kutuk.app */,
				D084F39C2F140AA0000178B2 /* kutukTests.xctest */,
				D084F3A62F140AA0000178B2 /* kutukUITests.xctest */,
			);
			name = Products;
			sourceTree = "<group>";
		};
/* End PBXGroup section */

/* Begin PBXNativeTarget section */
		D084F38C2F140A9F000178B2 /* kutuk */ = {
			isa = PBXNativeTarget;
			buildConfigurationList = D084F3B02F140AA0000178B2 /* Build configuration list for PBXNativeTarget "kutuk" */;
			buildPhases = (
				D084F3892F140A9F000178B2 /* Sources */,
				D084F38A2F140A9F000178B2 /* Frameworks */,
				D084F38B2F140A9F000178B2 /* Resources */,
			);
			buildRules = (
			);
			dependencies = (
			);
			fileSystemSynchronizedGroups = (
				D084F38F2F140A9F000178B2 /* kutuk */,
			);
			name = kutuk;
			packageProductDependencies = (
			);
			productName = Kutuk;
			productReference = D084F38D2F140A9F000178B2 /* Kutuk.app */;
			productType = "com.apple.product-type.application";
		};
		D084F39B2F140AA0000178B2 /* kutukTests */ = {
			isa = PBXNativeTarget;
			buildConfigurationList = D084F3B32F140AA0000178B2 /* Build configuration list for PBXNativeTarget "kutukTests" */;
			buildPhases = (
				D084F3982F140AA0000178B2 /* Sources */,
				D084F3992F140AA0000178B2 /* Frameworks */,
				D084F39A2F140AA0000178B2 /* Resources */,
			);
			buildRules = (
			);
			dependencies = (
				D084F39E2F140AA0000178B2 /* PBXTargetDependency */,
			);
			fileSystemSynchronizedGroups = (
				D084F39F2F140AA0000178B2 /* kutukTests */,
			);
			name = kutukTests;
			packageProductDependencies = (
			);
			productName = kutukTests;
			productReference = D084F39C2F140AA0000178B2 /* kutukTests.xctest */;
			productType = "com.apple.product-type.bundle.unit-test";
		};
		D084F3A52F140AA0000178B2 /* kutukUITests */ = {
			isa = PBXNativeTarget;
			buildConfigurationList = D084F3B62F140AA0000178B2 /* Build configuration list for PBXNativeTarget "kutukUITests" */;
			buildPhases = (
				D084F3A22F140AA0000178B2 /* Sources */,
				D084F3A32F140AA0000178B2 /* Frameworks */,
				D084F3A42F140AA0000178B2 /* Resources */,
			);
			buildRules = (
			);
			dependencies = (
				D084F3A82F140AA0000178B2 /* PBXTargetDependency */,
			);
			fileSystemSynchronizedGroups = (
				D084F3A92F140AA0000178B2 /* kutukUITests */,
			);
			name = kutukUITests;
			packageProductDependencies = (
			);
			productName = kutukUITests;
			productReference = D084F3A62F140AA0000178B2 /* kutukUITests.xctest */;
			productType = "com.apple.product-type.bundle.ui-testing";
		};
/* End PBXNativeTarget section */

/* Begin PBXProject section */
		D084F3852F140A9F000178B2 /* Project object */ = {
			isa = PBXProject;
			attributes = {
				BuildIndependentTargetsInParallel = 1;
				LastSwiftUpdateCheck = 2610;
				LastUpgradeCheck = 2610;
				TargetAttributes = {
					D084F38C2F140A9F000178B2 = {
						CreatedOnToolsVersion = 26.1.1;
					};
					D084F39B2F140AA0000178B2 = {
						CreatedOnToolsVersion = 26.1.1;
						TestTargetID = D084F38C2F140A9F000178B2;
					};
					D084F3A52F140AA0000178B2 = {
						CreatedOnToolsVersion = 26.1.1;
						TestTargetID = D084F38C2F140A9F000178B2;
					};
				};
			};
			buildConfigurationList = D084F3882F140A9F000178B2 /* Build configuration list for PBXProject "kutuk" */;
			developmentRegion = en;
			hasScannedForEncodings = 0;
			knownRegions = (
				en,
				Base,
			);
			mainGroup = D084F3842F140A9F000178B2;
			minimizedProjectReferenceProxies = 1;
			preferredProjectObjectVersion = 77;
			productRefGroup = D084F38E2F140A9F000178B2 /* Products */;
			projectDirPath = "";
			projectRoot = "";
			targets = (
				D084F38C2F140A9F000178B2 /* kutuk */,
				D084F39B2F140AA0000178B2 /* kutukTests */,
				D084F3A52F140AA0000178B2 /* kutukUITests */,
			);
		};
/* End PBXProject section */

/* Begin PBXResourcesBuildPhase section */
		D084F38B2F140A9F000178B2 /* Resources */ = {
			isa = PBXResourcesBuildPhase;
			buildActionMask = 2147483647;
			files = (
			);
			runOnlyForDeploymentPostprocessing = 0;
		};
		D084F39A2F140AA0000178B2 /* Resources */ = {
			isa = PBXResourcesBuildPhase;
			buildActionMask = 2147483647;
			files = (
			);
			runOnlyForDeploymentPostprocessing = 0;
		};
		D084F3A42F140AA0000178B2 /* Resources */ = {
			isa = PBXResourcesBuildPhase;
			buildActionMask = 2147483647;
			files = (
			);
			runOnlyForDeploymentPostprocessing = 0;
		};
/* End PBXResourcesBuildPhase section */

/* Begin PBXSourcesBuildPhase section */
		D084F3892F140A9F000178B2 /* Sources */ = {
			isa = PBXSourcesBuildPhase;
			buildActionMask = 2147483647;
			files = (
			);
			runOnlyForDeploymentPostprocessing = 0;
		};
		D084F3982F140AA0000178B2 /* Sources */ = {
			isa = PBXSourcesBuildPhase;
			buildActionMask = 2147483647;
			files = (
			);
			runOnlyForDeploymentPostprocessing = 0;
		};
		D084F3A22F140AA0000178B2 /* Sources */ = {
			isa = PBXSourcesBuildPhase;
			buildActionMask = 2147483647;
			files = (
			);
			runOnlyForDeploymentPostprocessing = 0;
		};
/* End PBXSourcesBuildPhase section */

/* Begin PBXTargetDependency section */
		D084F39E2F140AA0000178B2 /* PBXTargetDependency */ = {
			isa = PBXTargetDependency;
			target = D084F38C2F140A9F000178B2 /* kutuk */;
			targetProxy = D084F39D2F140AA0000178B2 /* PBXContainerItemProxy */;
		};
		D084F3A82F140AA0000178B2 /* PBXTargetDependency */ = {
			isa = PBXTargetDependency;
			target = D084F38C2F140A9F000178B2 /* kutuk */;
			targetProxy = D084F3A72F140AA0000178B2 /* PBXContainerItemProxy */;
		};
/* End PBXTargetDependency section */

/* Begin XCBuildConfiguration section */
		D084F3AE2F140AA0000178B2 /* Debug */ = {
			isa = XCBuildConfiguration;
			buildSettings = {
				ALWAYS_SEARCH_USER_PATHS = NO;
				ASSETCATALOG_COMPILER_GENERATE_SWIFT_ASSET_SYMBOL_EXTENSIONS = YES;
				CLANG_ANALYZER_NONNULL = YES;
				CLANG_ANALYZER_NUMBER_OBJECT_CONVERSION = YES_AGGRESSIVE;
				CLANG_CXX_LANGUAGE_STANDARD = "gnu++20";
				CLANG_ENABLE_MODULES = YES;
				CLANG_ENABLE_OBJC_ARC = YES;
				CLANG_ENABLE_OBJC_WEAK = YES;
				CLANG_WARN_BLOCK_CAPTURE_AUTORELEASING = YES;
				CLANG_WARN_BOOL_CONVERSION = YES;
				CLANG_WARN_COMMA = YES;
				CLANG_WARN_CONSTANT_CONVERSION = YES;
				CLANG_WARN_DEPRECATED_OBJC_IMPLEMENTATIONS = YES;
				CLANG_WARN_DIRECT_OBJC_ISA_USAGE = YES_ERROR;
				CLANG_WARN_DOCUMENTATION_COMMENTS = YES;
				CLANG_WARN_EMPTY_BODY = YES;
				CLANG_WARN_ENUM_CONVERSION = YES;
				CLANG_WARN_INFINITE_RECURSION = YES;
				CLANG_WARN_INT_CONVERSION = YES;
				CLANG_WARN_NON_LITERAL_NULL_CONVERSION = YES;
				CLANG_WARN_OBJC_IMPLICIT_RETAIN_SELF = YES;
				CLANG_WARN_OBJC_LITERAL_CONVERSION = YES;
				CLANG_WARN_OBJC_ROOT_CLASS = YES_ERROR;
				CLANG_WARN_QUOTED_INCLUDE_IN_FRAMEWORK_HEADER = YES;
				CLANG_WARN_RANGE_LOOP_ANALYSIS = YES;
				CLANG_WARN_STRICT_PROTOTYPES = YES;
				CLANG_WARN_SUSPICIOUS_MOVE = YES;
				CLANG_WARN_UNGUARDED_AVAILABILITY = YES_AGGRESSIVE;
				CLANG_WARN_UNREACHABLE_CODE = YES;
				CLANG_WARN__DUPLICATE_METHOD_MATCH = YES;
				COPY_PHASE_STRIP = NO;
				DEBUG_INFORMATION_FORMAT = dwarf;
				DEVELOPMENT_TEAM = 9Y7VECW4AU;
				ENABLE_STRICT_OBJC_MSGSEND = YES;
				ENABLE_TESTABILITY = YES;
				ENABLE_USER_SCRIPT_SANDBOXING = YES;
				GCC_C_LANGUAGE_STANDARD = gnu17;
				GCC_DYNAMIC_NO_PIC = NO;
				GCC_NO_COMMON_BLOCKS = YES;
				GCC_OPTIMIZATION_LEVEL = 0;
				GCC_PREPROCESSOR_DEFINITIONS = (
					"DEBUG=1",
					"$(inherited)",
				);
				GCC_WARN_64_TO_32_BIT_CONVERSION = YES;
				GCC_WARN_ABOUT_RETURN_TYPE = YES_ERROR;
				GCC_WARN_UNDECLARED_SELECTOR = YES;
				GCC_WARN_UNINITIALIZED_AUTOS = YES_AGGRESSIVE;
				GCC_WARN_UNUSED_FUNCTION = YES;
				GCC_WARN_UNUSED_VARIABLE = YES;
				LOCALIZATION_PREFERS_STRING_CATALOGS = YES;
				MACOSX_DEPLOYMENT_TARGET = 14.0;
				MTL_ENABLE_DEBUG_INFO = INCLUDE_SOURCE;
				MTL_FAST_MATH = YES;
				ONLY_ACTIVE_ARCH = YES;
				SDKROOT = macosx;
				SWIFT_ACTIVE_COMPILATION_CONDITIONS = "DEBUG $(inherited)";
				SWIFT_OPTIMIZATION_LEVEL = "-Onone";
			};
			name = Debug;
		};
		D084F3AF2F140AA0000178B2 /* Release */ = {
			isa = XCBuildConfiguration;
			buildSettings = {
				ALWAYS_SEARCH_USER_PATHS = NO;
				ASSETCATALOG_COMPILER_GENERATE_SWIFT_ASSET_SYMBOL_EXTENSIONS = YES;
				CLANG_ANALYZER_NONNULL = YES;
				CLANG_ANALYZER_NUMBER_OBJECT_CONVERSION = YES_AGGRESSIVE;
				CLANG_CXX_LANGUAGE_STANDARD = "gnu++20";
				CLANG_ENABLE_MODULES = YES;
				CLANG_ENABLE_OBJC_ARC = YES;
				CLANG_ENABLE_OBJC_WEAK = YES;
				CLANG_WARN_BLOCK_CAPTURE_AUTORELEASING = YES;
				CLANG_WARN_BOOL_CONVERSION = YES;
				CLANG_WARN_COMMA = YES;
				CLANG_WARN_CONSTANT_CONVERSION = YES;
				CLANG_WARN_DEPRECATED_OBJC_IMPLEMENTATIONS = YES;
				CLANG_WARN_DIRECT_OBJC_ISA_USAGE = YES_ERROR;
				CLANG_WARN_DOCUMENTATION_COMMENTS = YES;
				CLANG_WARN_EMPTY_BODY = YES;
				CLANG_WARN_ENUM_CONVERSION = YES;
				CLANG_WARN_INFINITE_RECURSION = YES;
				CLANG_WARN_INT_CONVERSION = YES;
				CLANG_WARN_NON_LITERAL_NULL_CONVERSION = YES;
				CLANG_WARN_OBJC_IMPLICIT_RETAIN_SELF = YES;
				CLANG_WARN_OBJC_LITERAL_CONVERSION = YES;
				CLANG_WARN_OBJC_ROOT_CLASS = YES_ERROR;
				CLANG_WARN_QUOTED_INCLUDE_IN_FRAMEWORK_HEADER = YES;
				CLANG_WARN_RANGE_LOOP_ANALYSIS = YES;
				CLANG_WARN_STRICT_PROTOTYPES = YES;
				CLANG_WARN_SUSPICIOUS_MOVE = YES;
				CLANG_WARN_UNGUARDED_AVAILABILITY = YES_AGGRESSIVE;
				CLANG_WARN_UNREACHABLE_CODE = YES;
				CLANG_WARN__DUPLICATE_METHOD_MATCH = YES;
				COPY_PHASE_STRIP = NO;
				DEBUG_INFORMATION_FORMAT = "dwarf-with-dsym";
				DEVELOPMENT_TEAM = 9Y7VECW4AU;
				ENABLE_NS_ASSERTIONS = NO;
				ENABLE_STRICT_OBJC_MSGSEND = YES;
				ENABLE_USER_SCRIPT_SANDBOXING = YES;
				GCC_C_LANGUAGE_STANDARD = gnu17;
				GCC_NO_COMMON_BLOCKS = YES;
				GCC_WARN_64_TO_32_BIT_CONVERSION = YES;
				GCC_WARN_ABOUT_RETURN_TYPE = YES_ERROR;
				GCC_WARN_UNDECLARED_SELECTOR = YES;
				GCC_WARN_UNINITIALIZED_AUTOS = YES_AGGRESSIVE;
				GCC_WARN_UNUSED_FUNCTION = YES;
				GCC_WARN_UNUSED_VARIABLE = YES;
				LOCALIZATION_PREFERS_STRING_CATALOGS = YES;
				MACOSX_DEPLOYMENT_TARGET = 14.0;
				MTL_ENABLE_DEBUG_INFO = NO;
				MTL_FAST_MATH = YES;
				SDKROOT = macosx;
				SWIFT_COMPILATION_MODE = wholemodule;
			};
			name = Release;
		};
		D084F3B12F140AA0000178B2 /* Debug */ = {
			isa = XCBuildConfiguration;
			buildSettings = {
				ASSETCATALOG_COMPILER_APPICON_NAME = AppIcon;
				ASSETCATALOG_COMPILER_GLOBAL_ACCENT_COLOR_NAME = AccentColor;
				CODE_SIGN_STYLE = Automatic;
				COMBINE_HIDPI_IMAGES = YES;
				CURRENT_PROJECT_VERSION = 3;
				DEVELOPMENT_TEAM = 9Y7VECW4AU;
				ENABLE_APP_SANDBOX = NO;
				ENABLE_HARDENED_RUNTIME = YES;
				ENABLE_PREVIEWS = YES;
				ENABLE_USER_SELECTED_FILES = readonly;
				INFOPLIST_FILE = kutuk/Info.plist;
				INFOPLIST_KEY_NSHumanReadableCopyright = "";
				LD_RUNPATH_SEARCH_PATHS = (
					"$(inherited)",
					"@executable_path/../Frameworks",
				);
				MARKETING_VERSION = 1.0.2;
				PRODUCT_BUNDLE_IDENTIFIER = io.github.irajul.kutuk;
				PRODUCT_MODULE_NAME = kutuk;
				PRODUCT_NAME = Kutuk;
				REGISTER_APP_GROUPS = YES;
				STRING_CATALOG_GENERATE_SYMBOLS = YES;
				SWIFT_APPROACHABLE_CONCURRENCY = YES;
				SWIFT_DEFAULT_ACTOR_ISOLATION = MainActor;
				SWIFT_EMIT_LOC_STRINGS = YES;
				SWIFT_UPCOMING_FEATURE_MEMBER_IMPORT_VISIBILITY = YES;
				SWIFT_VERSION = 5.0;
			};
			name = Debug;
		};
		D084F3B22F140AA0000178B2 /* Release */ = {
			isa = XCBuildConfiguration;
			buildSettings = {
				ASSETCATALOG_COMPILER_APPICON_NAME = AppIcon;
				ASSETCATALOG_COMPILER_GLOBAL_ACCENT_COLOR_NAME = AccentColor;
				CODE_SIGN_STYLE = Automatic;
				COMBINE_HIDPI_IMAGES = YES;
				CURRENT_PROJECT_VERSION = 3;
				DEVELOPMENT_TEAM = 9Y7VECW4AU;
				ENABLE_APP_SANDBOX = NO;
				ENABLE_HARDENED_RUNTIME = YES;
				ENABLE_PREVIEWS = YES;
				ENABLE_USER_SELECTED_FILES = readonly;
				INFOPLIST_FILE = kutuk/Info.plist;
				INFOPLIST_KEY_NSHumanReadableCopyright = "";
				LD_RUNPATH_SEARCH_PATHS = (
					"$(inherited)",
					"@executable_path/../Frameworks",
				);
				MARKETING_VERSION = 1.0.2;
				PRODUCT_BUNDLE_IDENTIFIER = io.github.irajul.kutuk;
				PRODUCT_MODULE_NAME = kutuk;
				PRODUCT_NAME = Kutuk;
				REGISTER_APP_GROUPS = YES;
				STRING_CATALOG_GENERATE_SYMBOLS = YES;
				SWIFT_APPROACHABLE_CONCURRENCY = YES;
				SWIFT_DEFAULT_ACTOR_ISOLATION = MainActor;
				SWIFT_EMIT_LOC_STRINGS = YES;
				SWIFT_UPCOMING_FEATURE_MEMBER_IMPORT_VISIBILITY = YES;
				SWIFT_VERSION = 5.0;
			};
			name = Release;
		};
		D084F3B42F140AA0000178B2 /* Debug */ = {
			isa = XCBuildConfiguration;
			buildSettings = {
				BUNDLE_LOADER = "$(TEST_HOST)";
				CODE_SIGN_STYLE = Automatic;
				CURRENT_PROJECT_VERSION = 3;
				DEVELOPMENT_TEAM = 9Y7VECW4AU;
				INFOPLIST_FILE = kutukTests/Info.plist;
				MACOSX_DEPLOYMENT_TARGET = 14.0;
				MARKETING_VERSION = 1.0.2;
				PRODUCT_BUNDLE_IDENTIFIER = io.github.irajul.kutukTests;
				PRODUCT_NAME = "$(TARGET_NAME)";
				STRING_CATALOG_GENERATE_SYMBOLS = NO;
				SWIFT_APPROACHABLE_CONCURRENCY = YES;
				SWIFT_EMIT_LOC_STRINGS = NO;
				SWIFT_UPCOMING_FEATURE_MEMBER_IMPORT_VISIBILITY = YES;
				SWIFT_VERSION = 5.0;
				TEST_HOST = "$(BUILT_PRODUCTS_DIR)/Kutuk.app/$(BUNDLE_EXECUTABLE_FOLDER_PATH)/Kutuk";
			};
			name = Debug;
		};
		D084F3B52F140AA0000178B2 /* Release */ = {
			isa = XCBuildConfiguration;
			buildSettings = {
				BUNDLE_LOADER = "$(TEST_HOST)";
				CODE_SIGN_STYLE = Automatic;
				CURRENT_PROJECT_VERSION = 3;
				DEVELOPMENT_TEAM = 9Y7VECW4AU;
				INFOPLIST_FILE = kutukTests/Info.plist;
				MACOSX_DEPLOYMENT_TARGET = 14.0;
				MARKETING_VERSION = 1.0.2;
				PRODUCT_BUNDLE_IDENTIFIER = io.github.irajul.kutukTests;
				PRODUCT_NAME = "$(TARGET_NAME)";
				STRING_CATALOG_GENERATE_SYMBOLS = NO;
				SWIFT_APPROACHABLE_CONCURRENCY = YES;
				SWIFT_EMIT_LOC_STRINGS = NO;
				SWIFT_UPCOMING_FEATURE_MEMBER_IMPORT_VISIBILITY = YES;
				SWIFT_VERSION = 5.0;
				TEST_HOST = "$(BUILT_PRODUCTS_DIR)/Kutuk.app/$(BUNDLE_EXECUTABLE_FOLDER_PATH)/Kutuk";
			};
			name = Release;
		};
		D084F3B72F140AA0000178B2 /* Debug */ = {
			isa = XCBuildConfiguration;
			buildSettings = {
				CODE_SIGN_STYLE = Automatic;
				CURRENT_PROJECT_VERSION = 3;
				DEVELOPMENT_TEAM = 9Y7VECW4AU;
				INFOPLIST_FILE = kutukUITests/Info.plist;
				MARKETING_VERSION = 1.0.2;
				PRODUCT_BUNDLE_IDENTIFIER = io.github.irajul.kutukUITests;
				PRODUCT_NAME = "$(TARGET_NAME)";
				STRING_CATALOG_GENERATE_SYMBOLS = NO;
				SWIFT_APPROACHABLE_CONCURRENCY = YES;
				SWIFT_EMIT_LOC_STRINGS = NO;
				SWIFT_UPCOMING_FEATURE_MEMBER_IMPORT_VISIBILITY = YES;
				SWIFT_VERSION = 5.0;
				TEST_TARGET_NAME = kutuk;
			};
			name = Debug;
		};
		D084F3B82F140AA0000178B2 /* Release */ = {
			isa = XCBuildConfiguration;
			buildSettings = {
				CODE_SIGN_STYLE = Automatic;
				CURRENT_PROJECT_VERSION = 3;
				DEVELOPMENT_TEAM = 9Y7VECW4AU;
				INFOPLIST_FILE = kutukUITests/Info.plist;
				MARKETING_VERSION = 1.0.2;
				PRODUCT_BUNDLE_IDENTIFIER = io.github.irajul.kutukUITests;
				PRODUCT_NAME = "$(TARGET_NAME)";
				STRING_CATALOG_GENERATE_SYMBOLS = NO;
				SWIFT_APPROACHABLE_CONCURRENCY = YES;
				SWIFT_EMIT_LOC_STRINGS = NO;
				SWIFT_UPCOMING_FEATURE_MEMBER_IMPORT_VISIBILITY = YES;
				SWIFT_VERSION = 5.0;
				TEST_TARGET_NAME = kutuk;
			};
			name = Release;
		};
/* End XCBuildConfiguration section */

/* Begin XCConfigurationList section */
		D084F3882F140A9F000178B2 /* Build configuration list for PBXProject "kutuk" */ = {
			isa = XCConfigurationList;
			buildConfigurations = (
				D084F3AE2F140AA0000178B2 /* Debug */,
				D084F3AF2F140AA0000178B2 /* Release */,
			);
			defaultConfigurationIsVisible = 0;
			defaultConfigurationName = Release;
		};
		D084F3B02F140AA0000178B2 /* Build configuration list for PBXNativeTarget "kutuk" */ = {
			isa = XCConfigurationList;
			buildConfigurations = (
				D084F3B12F140AA0000178B2 /* Debug */,
				D084F3B22F140AA0000178B2 /* Release */,
			);
			defaultConfigurationIsVisible = 0;
			defaultConfigurationName = Release;
		};
		D084F3B32F140AA0000178B2 /* Build configuration list for PBXNativeTarget "kutukTests" */ = {
			isa = XCConfigurationList;
			buildConfigurations = (
				D084F3B42F140AA0000178B2 /* Debug */,
				D084F3B52F140AA0000178B2 /* Release */,
			);
			defaultConfigurationIsVisible = 0;
			defaultConfigurationName = Release;
		};
		D084F3B62F140AA0000178B2 /* Build configuration list for PBXNativeTarget "kutukUITests" */ = {
			isa = XCConfigurationList;
			buildConfigurations = (
				D084F3B72F140AA0000178B2 /* Debug */,
				D084F3B82F140AA0000178B2 /* Release */,
			);
			defaultConfigurationIsVisible = 0;
			defaultConfigurationName = Release;
		};
/* End XCConfigurationList section */
	};
	rootObject = D084F3852F140A9F000178B2 /* Project object */;
}
